{
  "name": "test-harness",
  "version": "0.0.1",
  "lockfileVersion": 1,
  "requires": true,
  "dependencies": {
    "node-object-hash": {
      "version": "1.4.1",
      "resolved": "https://registry.npmjs.org/node-object-hash/-/node-object-hash-1.4.1.tgz",
      "integrity": "sha512-JQVqSM5/mOaUoUhCYR0t1vgm8RFo7qpJtPvnoFCLeqQh1xrfmr3BCD3nGBnACzpIEF7F7EVgqGD3O4lao/BY/A=="
    },
    "redux-saga": {
      "version": "0.16.0",
      "resolved": "https://registry.npmjs.org/redux-saga/-/redux-saga-0.16.0.tgz",
      "integrity": "sha1-CiMdsKFIkwHdmA9vL4jYztQY9yQ="
    },
    "seamless-immutable": {
      "version": "7.1.4",
      "resolved": "https://registry.npmjs.org/seamless-immutable/-/seamless-immutable-7.1.4.tgz",
      "integrity": "sha512-XiUO1QP4ki4E2PHegiGAlu6r82o5A+6tRh7IkGGTVg/h+UoeX4nFBeCGPOhb4CYjvkqsfm/TUtvOMYC1xmV30A=="
    }
  }
}
